angular.module('app.route').factory('httpInterceptor',['$rootScope',function($rootScope){
    return {
        request:function(config){
            if(config.url.substr(0,9)!='template/'){
                config.url = config.url + '?_='+window.r;
            }
            return config;
        }
    };
}]).config(['$httpProvider',function($httpProvider){
    $httpProvider.interceptors.push('httpInterceptor');
}]);